
Microsoft Visual Studio Solution File, Format Version 10.00
# Visual Studio 2008
Project("{FAE04EC0-301F-11D3-BF4B-00C04F79EFBC}") = "ShaderDemoApp", "DemoApp\ShaderDemoApp.csproj", "{1E53BE4C-D5A3-4572-8780-FAFEE0619D7E}"
EndProject
Project("{FAE04EC0-301F-11D3-BF4B-00C04F79EFBC}") = "ShaderEffectLibrary", "ShaderEffectLibrary\ShaderEffectLibrary\ShaderEffectLibrary.csproj", "{967D61A9-C8F0-4C2A-A784-6CDA648ECB19}"
EndProject
Project("{FAE04EC0-301F-11D3-BF4B-00C04F79EFBC}") = "TransitionEffects", "ShaderEffectLibrary\TransitionEffects\TransitionEffects.csproj", "{9FEDF2F2-D59E-4797-A5AE-13A25E679F6A}"
EndProject
Global
	GlobalSection(TeamFoundationVersionControl) = preSolution
		SccNumberOfProjects = 4
		SccEnterpriseProvider = {4CA58AB2-18FA-4F8D-95D4-32DDF27D184C}
		SccTeamFoundationServer = https://tfs08.codeplex.com/
		SccLocalPath0 = .
		SccProjectUniqueName1 = DemoApp\\ShaderDemoApp.csproj
		SccProjectName1 = DemoApp
		SccLocalPath1 = DemoApp
		SccProjectUniqueName2 = ShaderEffectLibrary\\ShaderEffectLibrary\\ShaderEffectLibrary.csproj
		SccProjectName2 = ShaderEffectLibrary/ShaderEffectLibrary
		SccLocalPath2 = ShaderEffectLibrary\\ShaderEffectLibrary
		SccProjectUniqueName3 = ShaderEffectLibrary\\TransitionEffects\\TransitionEffects.csproj
		SccProjectName3 = ShaderEffectLibrary/TransitionEffects
		SccLocalPath3 = ShaderEffectLibrary\\TransitionEffects
	EndGlobalSection
	GlobalSection(SolutionConfigurationPlatforms) = preSolution
		Debug|Any CPU = Debug|Any CPU
		Release|Any CPU = Release|Any CPU
	EndGlobalSection
	GlobalSection(ProjectConfigurationPlatforms) = postSolution
		{1E53BE4C-D5A3-4572-8780-FAFEE0619D7E}.Debug|Any CPU.ActiveCfg = Debug|Any CPU
		{1E53BE4C-D5A3-4572-8780-FAFEE0619D7E}.Debug|Any CPU.Build.0 = Debug|Any CPU
		{1E53BE4C-D5A3-4572-8780-FAFEE0619D7E}.Release|Any CPU.ActiveCfg = Release|Any CPU
		{1E53BE4C-D5A3-4572-8780-FAFEE0619D7E}.Release|Any CPU.Build.0 = Release|Any CPU
		{967D61A9-C8F0-4C2A-A784-6CDA648ECB19}.Debug|Any CPU.ActiveCfg = Debug|Any CPU
		{967D61A9-C8F0-4C2A-A784-6CDA648ECB19}.Debug|Any CPU.Build.0 = Debug|Any CPU
		{967D61A9-C8F0-4C2A-A784-6CDA648ECB19}.Release|Any CPU.ActiveCfg = Release|Any CPU
		{967D61A9-C8F0-4C2A-A784-6CDA648ECB19}.Release|Any CPU.Build.0 = Release|Any CPU
		{9FEDF2F2-D59E-4797-A5AE-13A25E679F6A}.Debug|Any CPU.ActiveCfg = Debug|Any CPU
		{9FEDF2F2-D59E-4797-A5AE-13A25E679F6A}.Debug|Any CPU.Build.0 = Debug|Any CPU
		{9FEDF2F2-D59E-4797-A5AE-13A25E679F6A}.Release|Any CPU.ActiveCfg = Release|Any CPU
		{9FEDF2F2-D59E-4797-A5AE-13A25E679F6A}.Release|Any CPU.Build.0 = Release|Any CPU
	EndGlobalSection
	GlobalSection(SolutionProperties) = preSolution
		HideSolutionNode = FALSE
	EndGlobalSection
EndGlobal
